
Microsoft Visual Studio Solution File, Format Version 12.00
# Visual Studio Version 17
VisualStudioVersion = 17.4.33110.190
MinimumVisualStudioVersion = 10.0.40219.1
Project("{FAE04EC0-301F-11D3-BF4B-00C04F79EFBC}") = "Estudo Lista", "Estudo Lista\Estudo Lista.csproj", "{B9263E8D-5DE9-47BF-98DE-3AD8A34704AD}"
EndProject
Global
	GlobalSection(SolutionConfigurationPlatforms) = preSolution
		Debug|Any CPU = Debug|Any CPU
		Release|Any CPU = Release|Any CPU
	EndGlobalSection
	GlobalSection(ProjectConfigurationPlatforms) = postSolution
		{B9263E8D-5DE9-47BF-98DE-3AD8A34704AD}.Debug|Any CPU.ActiveCfg = Debug|Any CPU
		{B9263E8D-5DE9-47BF-98DE-3AD8A34704AD}.Debug|Any CPU.Build.0 = Debug|Any CPU
		{B9263E8D-5DE9-47BF-98DE-3AD8A34704AD}.Release|Any CPU.ActiveCfg = Release|Any CPU
		{B9263E8D-5DE9-47BF-98DE-3AD8A34704AD}.Release|Any CPU.Build.0 = Release|Any CPU
	EndGlobalSection
	GlobalSection(SolutionProperties) = preSolution
		HideSolutionNode = FALSE
	EndGlobalSection
	GlobalSection(ExtensibilityGlobals) = postSolution
		SolutionGuid = {5F41FAE5-8C1D-42FA-A2D6-57BFD62FAA11}
	EndGlobalSection
EndGlobal
