
Microsoft Visual Studio Solution File, Format Version 12.00
# Visual Studio Version 17
VisualStudioVersion = 17.4.33110.190
MinimumVisualStudioVersion = 10.0.40219.1
Project("{FAE04EC0-301F-11D3-BF4B-00C04F79EFBC}") = "1067 ex", "1067 ex\1067 ex.csproj", "{FA0B3DF0-0C8F-4D24-B70A-B0846EF33F94}"
EndProject
Global
	GlobalSection(SolutionConfigurationPlatforms) = preSolution
		Debug|Any CPU = Debug|Any CPU
		Release|Any CPU = Release|Any CPU
	EndGlobalSection
	GlobalSection(ProjectConfigurationPlatforms) = postSolution
		{FA0B3DF0-0C8F-4D24-B70A-B0846EF33F94}.Debug|Any CPU.ActiveCfg = Debug|Any CPU
		{FA0B3DF0-0C8F-4D24-B70A-B0846EF33F94}.Debug|Any CPU.Build.0 = Debug|Any CPU
		{FA0B3DF0-0C8F-4D24-B70A-B0846EF33F94}.Release|Any CPU.ActiveCfg = Release|Any CPU
		{FA0B3DF0-0C8F-4D24-B70A-B0846EF33F94}.Release|Any CPU.Build.0 = Release|Any CPU
	EndGlobalSection
	GlobalSection(SolutionProperties) = preSolution
		HideSolutionNode = FALSE
	EndGlobalSection
	GlobalSection(ExtensibilityGlobals) = postSolution
		SolutionGuid = {914127D1-E7B8-487B-8863-C19434F424F2}
	EndGlobalSection
EndGlobal
