
Microsoft Visual Studio Solution File, Format Version 12.00
# Visual Studio Version 17
VisualStudioVersion = 17.4.33110.190
MinimumVisualStudioVersion = 10.0.40219.1
Project("{FAE04EC0-301F-11D3-BF4B-00C04F79EFBC}") = "Teste", "Teste\Teste.csproj", "{80965FB3-856C-4EAD-8A97-D0C7ECAEE71E}"
EndProject
Global
	GlobalSection(SolutionConfigurationPlatforms) = preSolution
		Debug|Any CPU = Debug|Any CPU
		Release|Any CPU = Release|Any CPU
	EndGlobalSection
	GlobalSection(ProjectConfigurationPlatforms) = postSolution
		{80965FB3-856C-4EAD-8A97-D0C7ECAEE71E}.Debug|Any CPU.ActiveCfg = Debug|Any CPU
		{80965FB3-856C-4EAD-8A97-D0C7ECAEE71E}.Debug|Any CPU.Build.0 = Debug|Any CPU
		{80965FB3-856C-4EAD-8A97-D0C7ECAEE71E}.Release|Any CPU.ActiveCfg = Release|Any CPU
		{80965FB3-856C-4EAD-8A97-D0C7ECAEE71E}.Release|Any CPU.Build.0 = Release|Any CPU
	EndGlobalSection
	GlobalSection(SolutionProperties) = preSolution
		HideSolutionNode = FALSE
	EndGlobalSection
	GlobalSection(ExtensibilityGlobals) = postSolution
		SolutionGuid = {49401AC1-0BF6-4A70-80B8-1877648C2854}
	EndGlobalSection
EndGlobal
