
Microsoft Visual Studio Solution File, Format Version 12.00
# Visual Studio Version 17
VisualStudioVersion = 17.4.33110.190
MinimumVisualStudioVersion = 10.0.40219.1
Project("{FAE04EC0-301F-11D3-BF4B-00C04F79EFBC}") = "Estudo matrizes", "Estudo matrizes\Estudo matrizes.csproj", "{FC2FF641-3E1A-4292-BDD3-10325C4336FE}"
EndProject
Global
	GlobalSection(SolutionConfigurationPlatforms) = preSolution
		Debug|Any CPU = Debug|Any CPU
		Release|Any CPU = Release|Any CPU
	EndGlobalSection
	GlobalSection(ProjectConfigurationPlatforms) = postSolution
		{FC2FF641-3E1A-4292-BDD3-10325C4336FE}.Debug|Any CPU.ActiveCfg = Debug|Any CPU
		{FC2FF641-3E1A-4292-BDD3-10325C4336FE}.Debug|Any CPU.Build.0 = Debug|Any CPU
		{FC2FF641-3E1A-4292-BDD3-10325C4336FE}.Release|Any CPU.ActiveCfg = Release|Any CPU
		{FC2FF641-3E1A-4292-BDD3-10325C4336FE}.Release|Any CPU.Build.0 = Release|Any CPU
	EndGlobalSection
	GlobalSection(SolutionProperties) = preSolution
		HideSolutionNode = FALSE
	EndGlobalSection
	GlobalSection(ExtensibilityGlobals) = postSolution
		SolutionGuid = {BC30802B-C2D1-4C62-9791-A0C92989687F}
	EndGlobalSection
EndGlobal
