
Microsoft Visual Studio Solution File, Format Version 12.00
# Visual Studio Version 17
VisualStudioVersion = 17.4.33110.190
MinimumVisualStudioVersion = 10.0.40219.1
Project("{FAE04EC0-301F-11D3-BF4B-00C04F79EFBC}") = "1096 ex", "1096 ex\1096 ex.csproj", "{77CC6383-1693-4787-8DC7-9F36A5A7A53A}"
EndProject
Global
	GlobalSection(SolutionConfigurationPlatforms) = preSolution
		Debug|Any CPU = Debug|Any CPU
		Release|Any CPU = Release|Any CPU
	EndGlobalSection
	GlobalSection(ProjectConfigurationPlatforms) = postSolution
		{77CC6383-1693-4787-8DC7-9F36A5A7A53A}.Debug|Any CPU.ActiveCfg = Debug|Any CPU
		{77CC6383-1693-4787-8DC7-9F36A5A7A53A}.Debug|Any CPU.Build.0 = Debug|Any CPU
		{77CC6383-1693-4787-8DC7-9F36A5A7A53A}.Release|Any CPU.ActiveCfg = Release|Any CPU
		{77CC6383-1693-4787-8DC7-9F36A5A7A53A}.Release|Any CPU.Build.0 = Release|Any CPU
	EndGlobalSection
	GlobalSection(SolutionProperties) = preSolution
		HideSolutionNode = FALSE
	EndGlobalSection
	GlobalSection(ExtensibilityGlobals) = postSolution
		SolutionGuid = {E743B39D-8D25-473D-8F63-7F793D3B6827}
	EndGlobalSection
EndGlobal
