
Microsoft Visual Studio Solution File, Format Version 12.00
# Visual Studio Version 17
VisualStudioVersion = 17.4.33110.190
MinimumVisualStudioVersion = 10.0.40219.1
Project("{FAE04EC0-301F-11D3-BF4B-00C04F79EFBC}") = "1075 ex", "1075 ex\1075 ex.csproj", "{D09A0054-F88C-4512-96CB-78A5A9E1BCBC}"
EndProject
Global
	GlobalSection(SolutionConfigurationPlatforms) = preSolution
		Debug|Any CPU = Debug|Any CPU
		Release|Any CPU = Release|Any CPU
	EndGlobalSection
	GlobalSection(ProjectConfigurationPlatforms) = postSolution
		{D09A0054-F88C-4512-96CB-78A5A9E1BCBC}.Debug|Any CPU.ActiveCfg = Debug|Any CPU
		{D09A0054-F88C-4512-96CB-78A5A9E1BCBC}.Debug|Any CPU.Build.0 = Debug|Any CPU
		{D09A0054-F88C-4512-96CB-78A5A9E1BCBC}.Release|Any CPU.ActiveCfg = Release|Any CPU
		{D09A0054-F88C-4512-96CB-78A5A9E1BCBC}.Release|Any CPU.Build.0 = Release|Any CPU
	EndGlobalSection
	GlobalSection(SolutionProperties) = preSolution
		HideSolutionNode = FALSE
	EndGlobalSection
	GlobalSection(ExtensibilityGlobals) = postSolution
		SolutionGuid = {A0703E16-35AE-4460-ACB9-849BDE5391F4}
	EndGlobalSection
EndGlobal
