
Microsoft Visual Studio Solution File, Format Version 12.00
# Visual Studio Version 17
VisualStudioVersion = 17.4.33110.190
MinimumVisualStudioVersion = 10.0.40219.1
Project("{FAE04EC0-301F-11D3-BF4B-00C04F79EFBC}") = "1047 ex", "1047 ex\1047 ex.csproj", "{22493C2C-C8BE-4453-8333-1E93407A79CA}"
EndProject
Global
	GlobalSection(SolutionConfigurationPlatforms) = preSolution
		Debug|Any CPU = Debug|Any CPU
		Release|Any CPU = Release|Any CPU
	EndGlobalSection
	GlobalSection(ProjectConfigurationPlatforms) = postSolution
		{22493C2C-C8BE-4453-8333-1E93407A79CA}.Debug|Any CPU.ActiveCfg = Debug|Any CPU
		{22493C2C-C8BE-4453-8333-1E93407A79CA}.Debug|Any CPU.Build.0 = Debug|Any CPU
		{22493C2C-C8BE-4453-8333-1E93407A79CA}.Release|Any CPU.ActiveCfg = Release|Any CPU
		{22493C2C-C8BE-4453-8333-1E93407A79CA}.Release|Any CPU.Build.0 = Release|Any CPU
	EndGlobalSection
	GlobalSection(SolutionProperties) = preSolution
		HideSolutionNode = FALSE
	EndGlobalSection
	GlobalSection(ExtensibilityGlobals) = postSolution
		SolutionGuid = {D7F208FB-C441-4368-BE40-2A5369D371D0}
	EndGlobalSection
EndGlobal
