
Microsoft Visual Studio Solution File, Format Version 12.00
# Visual Studio Version 17
VisualStudioVersion = 17.4.33110.190
MinimumVisualStudioVersion = 10.0.40219.1
Project("{FAE04EC0-301F-11D3-BF4B-00C04F79EFBC}") = "ex 1061", "ex 1061\ex 1061.csproj", "{A3CCA58C-4053-4E9B-8467-154D1CFD8037}"
EndProject
Global
	GlobalSection(SolutionConfigurationPlatforms) = preSolution
		Debug|Any CPU = Debug|Any CPU
		Release|Any CPU = Release|Any CPU
	EndGlobalSection
	GlobalSection(ProjectConfigurationPlatforms) = postSolution
		{A3CCA58C-4053-4E9B-8467-154D1CFD8037}.Debug|Any CPU.ActiveCfg = Debug|Any CPU
		{A3CCA58C-4053-4E9B-8467-154D1CFD8037}.Debug|Any CPU.Build.0 = Debug|Any CPU
		{A3CCA58C-4053-4E9B-8467-154D1CFD8037}.Release|Any CPU.ActiveCfg = Release|Any CPU
		{A3CCA58C-4053-4E9B-8467-154D1CFD8037}.Release|Any CPU.Build.0 = Release|Any CPU
	EndGlobalSection
	GlobalSection(SolutionProperties) = preSolution
		HideSolutionNode = FALSE
	EndGlobalSection
	GlobalSection(ExtensibilityGlobals) = postSolution
		SolutionGuid = {8004CA04-590E-4DBE-A6EC-A77BE591C552}
	EndGlobalSection
EndGlobal
