
Microsoft Visual Studio Solution File, Format Version 12.00
# Visual Studio Version 17
VisualStudioVersion = 17.4.33110.190
MinimumVisualStudioVersion = 10.0.40219.1
Project("{FAE04EC0-301F-11D3-BF4B-00C04F79EFBC}") = "1051 ex", "1051 ex\1051 ex.csproj", "{C5C1438F-50A3-4BDD-841C-E18E9128D40F}"
EndProject
Global
	GlobalSection(SolutionConfigurationPlatforms) = preSolution
		Debug|Any CPU = Debug|Any CPU
		Release|Any CPU = Release|Any CPU
	EndGlobalSection
	GlobalSection(ProjectConfigurationPlatforms) = postSolution
		{C5C1438F-50A3-4BDD-841C-E18E9128D40F}.Debug|Any CPU.ActiveCfg = Debug|Any CPU
		{C5C1438F-50A3-4BDD-841C-E18E9128D40F}.Debug|Any CPU.Build.0 = Debug|Any CPU
		{C5C1438F-50A3-4BDD-841C-E18E9128D40F}.Release|Any CPU.ActiveCfg = Release|Any CPU
		{C5C1438F-50A3-4BDD-841C-E18E9128D40F}.Release|Any CPU.Build.0 = Release|Any CPU
	EndGlobalSection
	GlobalSection(SolutionProperties) = preSolution
		HideSolutionNode = FALSE
	EndGlobalSection
	GlobalSection(ExtensibilityGlobals) = postSolution
		SolutionGuid = {1A577430-5CE0-4AE5-B0A2-CAF097A5FD65}
	EndGlobalSection
EndGlobal
