
Microsoft Visual Studio Solution File, Format Version 12.00
# Visual Studio Version 17
VisualStudioVersion = 17.4.33110.190
MinimumVisualStudioVersion = 10.0.40219.1
Project("{FAE04EC0-301F-11D3-BF4B-00C04F79EFBC}") = "treino de funções", "treino de funções\treino de funções.csproj", "{C7E8194E-8BB1-422B-B1BB-5628A1214B42}"
EndProject
Global
	GlobalSection(SolutionConfigurationPlatforms) = preSolution
		Debug|Any CPU = Debug|Any CPU
		Release|Any CPU = Release|Any CPU
	EndGlobalSection
	GlobalSection(ProjectConfigurationPlatforms) = postSolution
		{C7E8194E-8BB1-422B-B1BB-5628A1214B42}.Debug|Any CPU.ActiveCfg = Debug|Any CPU
		{C7E8194E-8BB1-422B-B1BB-5628A1214B42}.Debug|Any CPU.Build.0 = Debug|Any CPU
		{C7E8194E-8BB1-422B-B1BB-5628A1214B42}.Release|Any CPU.ActiveCfg = Release|Any CPU
		{C7E8194E-8BB1-422B-B1BB-5628A1214B42}.Release|Any CPU.Build.0 = Release|Any CPU
	EndGlobalSection
	GlobalSection(SolutionProperties) = preSolution
		HideSolutionNode = FALSE
	EndGlobalSection
	GlobalSection(ExtensibilityGlobals) = postSolution
		SolutionGuid = {26712C60-D62F-43CF-B5B6-215FE562F7E3}
	EndGlobalSection
EndGlobal
