
Microsoft Visual Studio Solution File, Format Version 12.00
# Visual Studio Version 17
VisualStudioVersion = 17.4.33110.190
MinimumVisualStudioVersion = 10.0.40219.1
Project("{FAE04EC0-301F-11D3-BF4B-00C04F79EFBC}") = "1011 ex", "1011 ex\1011 ex.csproj", "{F4752504-735D-4EC7-979F-1E55D73F8F53}"
EndProject
Global
	GlobalSection(SolutionConfigurationPlatforms) = preSolution
		Debug|Any CPU = Debug|Any CPU
		Release|Any CPU = Release|Any CPU
	EndGlobalSection
	GlobalSection(ProjectConfigurationPlatforms) = postSolution
		{F4752504-735D-4EC7-979F-1E55D73F8F53}.Debug|Any CPU.ActiveCfg = Debug|Any CPU
		{F4752504-735D-4EC7-979F-1E55D73F8F53}.Debug|Any CPU.Build.0 = Debug|Any CPU
		{F4752504-735D-4EC7-979F-1E55D73F8F53}.Release|Any CPU.ActiveCfg = Release|Any CPU
		{F4752504-735D-4EC7-979F-1E55D73F8F53}.Release|Any CPU.Build.0 = Release|Any CPU
	EndGlobalSection
	GlobalSection(SolutionProperties) = preSolution
		HideSolutionNode = FALSE
	EndGlobalSection
	GlobalSection(ExtensibilityGlobals) = postSolution
		SolutionGuid = {0AB4B208-69E2-4536-B5D8-C1917471F9B1}
	EndGlobalSection
EndGlobal
