
Microsoft Visual Studio Solution File, Format Version 12.00
# Visual Studio Version 17
VisualStudioVersion = 17.4.33110.190
MinimumVisualStudioVersion = 10.0.40219.1
Project("{FAE04EC0-301F-11D3-BF4B-00C04F79EFBC}") = "1042 ex", "1042 ex\1042 ex.csproj", "{2B547885-622C-45EE-ACCF-765DC0407ADA}"
EndProject
Global
	GlobalSection(SolutionConfigurationPlatforms) = preSolution
		Debug|Any CPU = Debug|Any CPU
		Release|Any CPU = Release|Any CPU
	EndGlobalSection
	GlobalSection(ProjectConfigurationPlatforms) = postSolution
		{2B547885-622C-45EE-ACCF-765DC0407ADA}.Debug|Any CPU.ActiveCfg = Debug|Any CPU
		{2B547885-622C-45EE-ACCF-765DC0407ADA}.Debug|Any CPU.Build.0 = Debug|Any CPU
		{2B547885-622C-45EE-ACCF-765DC0407ADA}.Release|Any CPU.ActiveCfg = Release|Any CPU
		{2B547885-622C-45EE-ACCF-765DC0407ADA}.Release|Any CPU.Build.0 = Release|Any CPU
	EndGlobalSection
	GlobalSection(SolutionProperties) = preSolution
		HideSolutionNode = FALSE
	EndGlobalSection
	GlobalSection(ExtensibilityGlobals) = postSolution
		SolutionGuid = {0C4F2E1A-A235-42B2-A901-FF52D88EC113}
	EndGlobalSection
EndGlobal
