
Microsoft Visual Studio Solution File, Format Version 12.00
# Visual Studio Version 17
VisualStudioVersion = 17.4.33110.190
MinimumVisualStudioVersion = 10.0.40219.1
Project("{FAE04EC0-301F-11D3-BF4B-00C04F79EFBC}") = "1094 ex", "1094 ex\1094 ex.csproj", "{ECB1B89B-8A8B-4BC2-B191-13C93F5799F5}"
EndProject
Global
	GlobalSection(SolutionConfigurationPlatforms) = preSolution
		Debug|Any CPU = Debug|Any CPU
		Release|Any CPU = Release|Any CPU
	EndGlobalSection
	GlobalSection(ProjectConfigurationPlatforms) = postSolution
		{ECB1B89B-8A8B-4BC2-B191-13C93F5799F5}.Debug|Any CPU.ActiveCfg = Debug|Any CPU
		{ECB1B89B-8A8B-4BC2-B191-13C93F5799F5}.Debug|Any CPU.Build.0 = Debug|Any CPU
		{ECB1B89B-8A8B-4BC2-B191-13C93F5799F5}.Release|Any CPU.ActiveCfg = Release|Any CPU
		{ECB1B89B-8A8B-4BC2-B191-13C93F5799F5}.Release|Any CPU.Build.0 = Release|Any CPU
	EndGlobalSection
	GlobalSection(SolutionProperties) = preSolution
		HideSolutionNode = FALSE
	EndGlobalSection
	GlobalSection(ExtensibilityGlobals) = postSolution
		SolutionGuid = {508D3736-D2C2-4AAE-B1F8-FFE8D3B2F6A7}
	EndGlobalSection
EndGlobal
