
Microsoft Visual Studio Solution File, Format Version 12.00
# Visual Studio Version 17
VisualStudioVersion = 17.4.33110.190
MinimumVisualStudioVersion = 10.0.40219.1
Project("{FAE04EC0-301F-11D3-BF4B-00C04F79EFBC}") = "1002 ex", "1002 ex\1002 ex.csproj", "{BDCE40E2-8705-4518-B20E-D5218B0CBF31}"
EndProject
Global
	GlobalSection(SolutionConfigurationPlatforms) = preSolution
		Debug|Any CPU = Debug|Any CPU
		Release|Any CPU = Release|Any CPU
	EndGlobalSection
	GlobalSection(ProjectConfigurationPlatforms) = postSolution
		{BDCE40E2-8705-4518-B20E-D5218B0CBF31}.Debug|Any CPU.ActiveCfg = Debug|Any CPU
		{BDCE40E2-8705-4518-B20E-D5218B0CBF31}.Debug|Any CPU.Build.0 = Debug|Any CPU
		{BDCE40E2-8705-4518-B20E-D5218B0CBF31}.Release|Any CPU.ActiveCfg = Release|Any CPU
		{BDCE40E2-8705-4518-B20E-D5218B0CBF31}.Release|Any CPU.Build.0 = Release|Any CPU
	EndGlobalSection
	GlobalSection(SolutionProperties) = preSolution
		HideSolutionNode = FALSE
	EndGlobalSection
	GlobalSection(ExtensibilityGlobals) = postSolution
		SolutionGuid = {894EF8AA-1347-42F0-900B-BCD7B1B0E72C}
	EndGlobalSection
EndGlobal
