
Microsoft Visual Studio Solution File, Format Version 12.00
# Visual Studio Version 17
VisualStudioVersion = 17.4.33110.190
MinimumVisualStudioVersion = 10.0.40219.1
Project("{FAE04EC0-301F-11D3-BF4B-00C04F79EFBC}") = "1066 ex", "1066 ex\1066 ex.csproj", "{F8DA5BCC-0D0D-46EC-BBD9-F44345A14A18}"
EndProject
Global
	GlobalSection(SolutionConfigurationPlatforms) = preSolution
		Debug|Any CPU = Debug|Any CPU
		Release|Any CPU = Release|Any CPU
	EndGlobalSection
	GlobalSection(ProjectConfigurationPlatforms) = postSolution
		{F8DA5BCC-0D0D-46EC-BBD9-F44345A14A18}.Debug|Any CPU.ActiveCfg = Debug|Any CPU
		{F8DA5BCC-0D0D-46EC-BBD9-F44345A14A18}.Debug|Any CPU.Build.0 = Debug|Any CPU
		{F8DA5BCC-0D0D-46EC-BBD9-F44345A14A18}.Release|Any CPU.ActiveCfg = Release|Any CPU
		{F8DA5BCC-0D0D-46EC-BBD9-F44345A14A18}.Release|Any CPU.Build.0 = Release|Any CPU
	EndGlobalSection
	GlobalSection(SolutionProperties) = preSolution
		HideSolutionNode = FALSE
	EndGlobalSection
	GlobalSection(ExtensibilityGlobals) = postSolution
		SolutionGuid = {F9C3A138-665A-4E2A-B089-823832B08C86}
	EndGlobalSection
EndGlobal
