
Microsoft Visual Studio Solution File, Format Version 12.00
# Visual Studio Version 17
VisualStudioVersion = 17.4.33110.190
MinimumVisualStudioVersion = 10.0.40219.1
Project("{FAE04EC0-301F-11D3-BF4B-00C04F79EFBC}") = "1043 ex", "1043 ex\1043 ex.csproj", "{C944323C-8BD7-4A12-AD4C-018F871288BB}"
EndProject
Global
	GlobalSection(SolutionConfigurationPlatforms) = preSolution
		Debug|Any CPU = Debug|Any CPU
		Release|Any CPU = Release|Any CPU
	EndGlobalSection
	GlobalSection(ProjectConfigurationPlatforms) = postSolution
		{C944323C-8BD7-4A12-AD4C-018F871288BB}.Debug|Any CPU.ActiveCfg = Debug|Any CPU
		{C944323C-8BD7-4A12-AD4C-018F871288BB}.Debug|Any CPU.Build.0 = Debug|Any CPU
		{C944323C-8BD7-4A12-AD4C-018F871288BB}.Release|Any CPU.ActiveCfg = Release|Any CPU
		{C944323C-8BD7-4A12-AD4C-018F871288BB}.Release|Any CPU.Build.0 = Release|Any CPU
	EndGlobalSection
	GlobalSection(SolutionProperties) = preSolution
		HideSolutionNode = FALSE
	EndGlobalSection
	GlobalSection(ExtensibilityGlobals) = postSolution
		SolutionGuid = {7E114A99-F4A3-4841-8B38-F2F3C67C05CA}
	EndGlobalSection
EndGlobal
