
Microsoft Visual Studio Solution File, Format Version 12.00
# Visual Studio Version 17
VisualStudioVersion = 17.4.33110.190
MinimumVisualStudioVersion = 10.0.40219.1
Project("{FAE04EC0-301F-11D3-BF4B-00C04F79EFBC}") = "1014 ex", "1014 ex\1014 ex.csproj", "{084C429B-3006-493C-9AD4-0F2C625066D2}"
EndProject
Global
	GlobalSection(SolutionConfigurationPlatforms) = preSolution
		Debug|Any CPU = Debug|Any CPU
		Release|Any CPU = Release|Any CPU
	EndGlobalSection
	GlobalSection(ProjectConfigurationPlatforms) = postSolution
		{084C429B-3006-493C-9AD4-0F2C625066D2}.Debug|Any CPU.ActiveCfg = Debug|Any CPU
		{084C429B-3006-493C-9AD4-0F2C625066D2}.Debug|Any CPU.Build.0 = Debug|Any CPU
		{084C429B-3006-493C-9AD4-0F2C625066D2}.Release|Any CPU.ActiveCfg = Release|Any CPU
		{084C429B-3006-493C-9AD4-0F2C625066D2}.Release|Any CPU.Build.0 = Release|Any CPU
	EndGlobalSection
	GlobalSection(SolutionProperties) = preSolution
		HideSolutionNode = FALSE
	EndGlobalSection
	GlobalSection(ExtensibilityGlobals) = postSolution
		SolutionGuid = {01AE43A0-CF1B-4B0D-8B64-E6398069529F}
	EndGlobalSection
EndGlobal
