
Microsoft Visual Studio Solution File, Format Version 12.00
# Visual Studio Version 17
VisualStudioVersion = 17.4.33110.190
MinimumVisualStudioVersion = 10.0.40219.1
Project("{FAE04EC0-301F-11D3-BF4B-00C04F79EFBC}") = "1099 ex", "1099 ex\1099 ex.csproj", "{525CFA83-8FB5-4BD3-A582-946722163F12}"
EndProject
Global
	GlobalSection(SolutionConfigurationPlatforms) = preSolution
		Debug|Any CPU = Debug|Any CPU
		Release|Any CPU = Release|Any CPU
	EndGlobalSection
	GlobalSection(ProjectConfigurationPlatforms) = postSolution
		{525CFA83-8FB5-4BD3-A582-946722163F12}.Debug|Any CPU.ActiveCfg = Debug|Any CPU
		{525CFA83-8FB5-4BD3-A582-946722163F12}.Debug|Any CPU.Build.0 = Debug|Any CPU
		{525CFA83-8FB5-4BD3-A582-946722163F12}.Release|Any CPU.ActiveCfg = Release|Any CPU
		{525CFA83-8FB5-4BD3-A582-946722163F12}.Release|Any CPU.Build.0 = Release|Any CPU
	EndGlobalSection
	GlobalSection(SolutionProperties) = preSolution
		HideSolutionNode = FALSE
	EndGlobalSection
	GlobalSection(ExtensibilityGlobals) = postSolution
		SolutionGuid = {ED8EF1A2-049A-4FE4-9326-C46DE513A700}
	EndGlobalSection
EndGlobal
